// !$*UTF8*$!
{
	archiveVersion = 1;
	classes = {
	};
	objectVersion = 46;
	objects = {

/* Begin PBXBuildFile section */
		5207E2981C5AE52000D3899D /* AppDelegate.swift in Sources */ = {isa = PBXBuildFile; fileRef = 5207E2971C5AE52000D3899D /* AppDelegate.swift */; };
		5207E29A1C5AE52000D3899D /* ViewController.swift in Sources */ = {isa = PBXBuildFile; fileRef = 5207E2991C5AE52000D3899D /* ViewController.swift */; };
		5207E29D1C5AE52000D3899D /* Main.storyboard in Resources */ = {isa = PBXBuildFile; fileRef = 5207E29B1C5AE52000D3899D /* Main.storyboard */; };
		5207E29F1C5AE52000D3899D /* Assets.xcassets in Resources */ = {isa = PBXBuildFile; fileRef = 5207E29E1C5AE52000D3899D /* Assets.xcassets */; };
		5207E2A21C5AE52000D3899D /* LaunchScreen.storyboard in Resources */ = {isa = PBXBuildFile; fileRef = 5207E2A01C5AE52000D3899D /* LaunchScreen.storyboard */; };
/* End PBXBuildFile section */

/* Begin PBXFileReference section */
		5207E2941C5AE52000D3899D /* Accediendo a la Nube.app */ = {isa = PBXFileReference; explicitFileType = wrapper.application; includeInIndex = 0; path = "Accediendo a la Nube.app"; sourceTree = BUILT_PRODUCTS_DIR; };
		5207E2971C5AE52000D3899D /* AppDelegate.swift */ = {isa = PBXFileReference; lastKnownFileType = sourcecode.swift; path = AppDelegate.swift; sourceTree = "<group>"; };
		5207E2991C5AE52000D3899D /* ViewController.swift */ = {isa = PBXFileReference; lastKnownFileType = sourcecode.swift; path = ViewController.swift; sourceTree = "<group>"; };
		5207E29C1C5AE52000D3899D /* Base */ = {isa = PBXFileReference; lastKnownFileType = file.storyboard; name = Base; path = Base.lproj/Main.storyboard; sourceTree = "<group>"; };
		5207E29E1C5AE52000D3899D /* Assets.xcassets */ = {isa = PBXFileReference; lastKnownFileType = folder.assetcatalog; path = Assets.xcassets; sourceTree = "<group>"; };
		5207E2A11C5AE52000D3899D /* Base */ = {isa = PBXFileReference; lastKnownFileType = file.storyboard; name = Base; path = Base.lproj/LaunchScreen.storyboard; sourceTree = "<group>"; };
		5207E2A31C5AE52000D3899D /* Info.plist */ = {isa = PBXFileReference; lastKnownFileType = text.plist.xml; path = Info.plist; sourceTree = "<group>"; };
/* End PBXFileReference section */

/* Begin PBXFrameworksBuildPhase section */
		5207E2911C5AE52000D3899D /* Frameworks */ = {
			isa = PBXFrameworksBuildPhase;
			buildActionMask = 2147483647;
			files = (
			);
			runOnlyForDeploymentPostprocessing = 0;
		};
/* End PBXFrameworksBuildPhase section */

/* Begin PBXGroup section */
		5207E28B1C5AE52000D3899D = {
			isa = PBXGroup;
			children = (
				5207E2961C5AE52000D3899D /* Accediendo a la Nube */,
				5207E2951C5AE52000D3899D /* Products */,
			);
			sourceTree = "<group>";
		};
		5207E2951C5AE52000D3899D /* Products */ = {
			isa = PBXGroup;
			children = (
				5207E2941C5AE52000D3899D /* Accediendo a la Nube.app */,
			);
			name = Products;
			sourceTree = "<group>";
		};
		5207E2961C5AE52000D3899D /* Accediendo a la Nube */ = {
			isa = PBXGroup;
			children = (
				5207E2971C5AE52000D3899D /* AppDelegate.swift */,
				5207E2991C5AE52000D3899D /* ViewController.swift */,
				5207E29B1C5AE52000D3899D /* Main.storyboard */,
				5207E29E1C5AE52000D3899D /* Assets.xcassets */,
				5207E2A01C5AE52000D3899D /* LaunchScreen.storyboard */,
				5207E2A31C5AE52000D3899D /* Info.plist */,
			);
			path = "Accediendo a la Nube";
			sourceTree = "<group>";
		};
/* End PBXGroup section */

/* Begin PBXNativeTarget section */
		5207E2931C5AE52000D3899D /* Accediendo a la Nube */ = {
			isa = PBXNativeTarget;
			buildConfigurationList = 5207E2A61C5AE52000D3899D /* Build configuration list for PBXNativeTarget "Accediendo a la Nube" */;
			buildPhases = (
				5207E2901C5AE52000D3899D /* Sources */,
				5207E2911C5AE52000D3899D /* Frameworks */,
				5207E2921C5AE52000D3899D /* Resources */,
			);
			buildRules = (
			);
			dependencies = (
			);
			name = "Accediendo a la Nube";
			productName = "Accediendo a la Nube";
			productReference = 5207E2941C5AE52000D3899D /* Accediendo a la Nube.app */;
			productType = "com.apple.product-type.application";
		};
/* End PBXNativeTarget section */

/* Begin PBXProject section */
		5207E28C1C5AE52000D3899D /* Project object */ = {
			isa = PBXProject;
			attributes = {
				LastSwiftUpdateCheck = 0710;
				LastUpgradeCheck = 0710;
				ORGANIZATIONNAME = "Stricz Labs.";
				TargetAttributes = {
					5207E2931C5AE52000D3899D = {
						CreatedOnToolsVersion = 7.1.1;
						DevelopmentTeam = S8GB37D3CG;
					};
				};
			};
			buildConfigurationList = 5207E28F1C5AE52000D3899D /* Build configuration list for PBXProject "Accediendo a la Nube" */;
			compatibilityVersion = "Xcode 3.2";
			developmentRegion = English;
			hasScannedForEncodings = 0;
			knownRegions = (
				en,
				Base,
			);
			mainGroup = 5207E28B1C5AE52000D3899D;
			productRefGroup = 5207E2951C5AE52000D3899D /* Products */;
			projectDirPath = "";
			projectRoot = "";
			targets = (
				5207E2931C5AE52000D3899D /* Accediendo a la Nube */,
			);
		};
/* End PBXProject section */

/* Begin PBXResourcesBuildPhase section */
		5207E2921C5AE52000D3899D /* Resources */ = {
			isa = PBXResourcesBuildPhase;
			buildActionMask = 2147483647;
			files = (
				5207E2A21C5AE52000D3899D /* LaunchScreen.storyboard in Resources */,
				5207E29F1C5AE52000D3899D /* Assets.xcassets in Resources */,
				5207E29D1C5AE52000D3899D /* Main.storyboard in Resources */,
			);
			runOnlyForDeploymentPostprocessing = 0;
		};
/* End PBXResourcesBuildPhase section */

/* Begin PBXSourcesBuildPhase section */
		5207E2901C5AE52000D3899D /* Sources */ = {
			isa = PBXSourcesBuildPhase;
			buildActionMask = 2147483647;
			files = (
				5207E29A1C5AE52000D3899D /* ViewController.swift in Sources */,
				5207E2981C5AE52000D3899D /* AppDelegate.swift in Sources */,
			);
			runOnlyForDeploymentPostprocessing = 0;
		};
/* End PBXSourcesBuildPhase section */

/* Begin PBXVariantGroup section */
		5207E29B1C5AE52000D3899D /* Main.storyboard */ = {
			isa = PBXVariantGroup;
			children = (
				5207E29C1C5AE52000D3899D /* Base */,
			);
			name = Main.storyboard;
			sourceTree = "<group>";
		};
		5207E2A01C5AE52000D3899D /* LaunchScreen.storyboard */ = {
			isa = PBXVariantGroup;
			children = (
				5207E2A11C5AE52000D3899D /* Base */,
			);
			name = LaunchScreen.storyboard;
			sourceTree = "<group>";
		};
/* End PBXVariantGroup section */

/* Begin XCBuildConfiguration section */
		5207E2A41C5AE52000D3899D /* Debug */ = {
			isa = XCBuildConfiguration;
			buildSettings = {
				ALWAYS_SEARCH_USER_PATHS = NO;
				CLANG_CXX_LANGUAGE_STANDARD = "gnu++0x";
				CLANG_CXX_LIBRARY = "libc++";
				CLANG_ENABLE_MODULES = YES;
				CLANG_ENABLE_OBJC_ARC = YES;
				CLANG_WARN_BOOL_CONVERSION = YES;
				CLANG_WARN_CONSTANT_CONVERSION = YES;
				CLANG_WARN_DIRECT_OBJC_ISA_USAGE = YES_ERROR;
				CLANG_WARN_EMPTY_BODY = YES;
				CLANG_WARN_ENUM_CONVERSION = YES;
				CLANG_WARN_INT_CONVERSION = YES;
				CLANG_WARN_OBJC_ROOT_CLASS = YES_ERROR;
				CLANG_WARN_UNREACHABLE_CODE = YES;
				CLANG_WARN__DUPLICATE_METHOD_MATCH = YES;
				"CODE_SIGN_IDENTITY[sdk=iphoneos*]" = "iPhone Developer";
				COPY_PHASE_STRIP = NO;
				DEBUG_INFORMATION_FORMAT = dwarf;
				ENABLE_STRICT_OBJC_MSGSEND = YES;
				ENABLE_TESTABILITY = YES;
				GCC_C_LANGUAGE_STANDARD = gnu99;
				GCC_DYNAMIC_NO_PIC = NO;
				GCC_NO_COMMON_BLOCKS = YES;
				GCC_OPTIMIZATION_LEVEL = 0;
				GCC_PREPROCESSOR_DEFINITIONS = (
					"DEBUG=1",
					"$(inherited)",
				);
				GCC_WARN_64_TO_32_BIT_CONVERSION = YES;
				GCC_WARN_ABOUT_RETURN_TYPE = YES_ERROR;
				GCC_WARN_UNDECLARED_SELECTOR = YES;
				GCC_WARN_UNINITIALIZED_AUTOS = YES_AGGRESSIVE;
				GCC_WARN_UNUSED_FUNCTION = YES;
				GCC_WARN_UNUSED_VARIABLE = YES;
				IPHONEOS_DEPLOYMENT_TARGET = 9.1;
				MTL_ENABLE_DEBUG_INFO = YES;
				ONLY_ACTIVE_ARCH = YES;
				SDKROOT = iphoneos;
				SWIFT_OPTIMIZATION_LEVEL = "-Onone";
				TARGETED_DEVICE_FAMILY = "1,2";
			};
			name = Debug;
		};
		5207E2A51C5AE52000D3899D /* Release */ = {
			isa = XCBuildConfiguration;
			buildSettings = {
				ALWAYS_SEARCH_USER_PATHS = NO;
				CLANG_CXX_LANGUAGE_STANDARD = "gnu++0x";
				CLANG_CXX_LIBRARY = "libc++";
				CLANG_ENABLE_MODULES = YES;
				CLANG_ENABLE_OBJC_ARC = YES;
				CLANG_WARN_BOOL_CONVERSION = YES;
				CLANG_WARN_CONSTANT_CONVERSION = YES;
				CLANG_WARN_DIRECT_OBJC_ISA_USAGE = YES_ERROR;
				CLANG_WARN_EMPTY_BODY = YES;
				CLANG_WARN_ENUM_CONVERSION = YES;
				CLANG_WARN_INT_CONVERSION = YES;
				CLANG_WARN_OBJC_ROOT_CLASS = YES_ERROR;
				CLANG_WARN_UNREACHABLE_CODE = YES;
				CLANG_WARN__DUPLICATE_METHOD_MATCH = YES;
				"CODE_SIGN_IDENTITY[sdk=iphoneos*]" = "iPhone Developer";
				COPY_PHASE_STRIP = NO;
				DEBUG_INFORMATION_FORMAT = "dwarf-with-dsym";
				ENABLE_NS_ASSERTIONS = NO;
				ENABLE_STRICT_OBJC_MSGSEND = YES;
				GCC_C_LANGUAGE_STANDARD = gnu99;
				GCC_NO_COMMON_BLOCKS = YES;
				GCC_WARN_64_TO_32_BIT_CONVERSION = YES;
				GCC_WARN_ABOUT_RETURN_TYPE = YES_ERROR;
				GCC_WARN_UNDECLARED_SELECTOR = YES;
				GCC_WARN_UNINITIALIZED_AUTOS = YES_AGGRESSIVE;
				GCC_WARN_UNUSED_FUNCTION = YES;
				GCC_WARN_UNUSED_VARIABLE = YES;
				IPHONEOS_DEPLOYMENT_TARGET = 9.1;
				MTL_ENABLE_DEBUG_INFO = NO;
				SDKROOT = iphoneos;
				TARGETED_DEVICE_FAMILY = "1,2";
				VALIDATE_PRODUCT = YES;
			};
			name = Release;
		};
		5207E2A71C5AE52000D3899D /* Debug */ = {
			isa = XCBuildConfiguration;
			buildSettings = {
				ASSETCATALOG_COMPILER_APPICON_NAME = AppIcon;
				INFOPLIST_FILE = "Accediendo a la Nube/Info.plist";
				LD_RUNPATH_SEARCH_PATHS = "$(inherited) @executable_path/Frameworks";
				PRODUCT_BUNDLE_IDENTIFIER = "mx.com.stricz.Accediendo-a-la-Nube";
				PRODUCT_NAME = "$(TARGET_NAME)";
			};
			name = Debug;
		};
		5207E2A81C5AE52000D3899D /* Release */ = {
			isa = XCBuildConfiguration;
			buildSettings = {
				ASSETCATALOG_COMPILER_APPICON_NAME = AppIcon;
				INFOPLIST_FILE = "Accediendo a la Nube/Info.plist";
				LD_RUNPATH_SEARCH_PATHS = "$(inherited) @executable_path/Frameworks";
				PRODUCT_BUNDLE_IDENTIFIER = "mx.com.stricz.Accediendo-a-la-Nube";
				PRODUCT_NAME = "$(TARGET_NAME)";
			};
			name = Release;
		};
/* End XCBuildConfiguration section */

/* Begin XCConfigurationList section */
		5207E28F1C5AE52000D3899D /* Build configuration list for PBXProject "Accediendo a la Nube" */ = {
			isa = XCConfigurationList;
			buildConfigurations = (
				5207E2A41C5AE52000D3899D /* Debug */,
				5207E2A51C5AE52000D3899D /* Release */,
			);
			defaultConfigurationIsVisible = 0;
			defaultConfigurationName = Release;
		};
		5207E2A61C5AE52000D3899D /* Build configuration list for PBXNativeTarget "Accediendo a la Nube" */ = {
			isa = XCConfigurationList;
			buildConfigurations = (
				5207E2A71C5AE52000D3899D /* Debug */,
				5207E2A81C5AE52000D3899D /* Release */,
			);
			defaultConfigurationIsVisible = 0;
		};
/* End XCConfigurationList section */
	};
	rootObject = 5207E28C1C5AE52000D3899D /* Project object */;
}
